
Microsoft Visual Studio Solution File, Format Version 12.00
# Visual Studio Version 17
VisualStudioVersion = 17.7.34221.43
MinimumVisualStudioVersion = 10.0.40219.1
Project("{FAE04EC0-301F-11D3-BF4B-00C04F79EFBC}") = "ClassLibraryForms", "ClassLibraryForms\ClassLibraryForms.csproj", "{F9EBEA87-FFD5-4E08-B5CB-DEDCC14D1D1D}"
EndProject
Project("{FAE04EC0-301F-11D3-BF4B-00C04F79EFBC}") = "FormsEmpleados", "FormsEmpleados\FormsEmpleados.csproj", "{4A3B6C32-2981-4404-8603-8A0716AFADE1}"
EndProject
Global
	GlobalSection(SolutionConfigurationPlatforms) = preSolution
		Debug|Any CPU = Debug|Any CPU
		Release|Any CPU = Release|Any CPU
	EndGlobalSection
	GlobalSection(ProjectConfigurationPlatforms) = postSolution
		{F9EBEA87-FFD5-4E08-B5CB-DEDCC14D1D1D}.Debug|Any CPU.ActiveCfg = Debug|Any CPU
		{F9EBEA87-FFD5-4E08-B5CB-DEDCC14D1D1D}.Debug|Any CPU.Build.0 = Debug|Any CPU
		{F9EBEA87-FFD5-4E08-B5CB-DEDCC14D1D1D}.Release|Any CPU.ActiveCfg = Release|Any CPU
		{F9EBEA87-FFD5-4E08-B5CB-DEDCC14D1D1D}.Release|Any CPU.Build.0 = Release|Any CPU
		{4A3B6C32-2981-4404-8603-8A0716AFADE1}.Debug|Any CPU.ActiveCfg = Debug|Any CPU
		{4A3B6C32-2981-4404-8603-8A0716AFADE1}.Debug|Any CPU.Build.0 = Debug|Any CPU
		{4A3B6C32-2981-4404-8603-8A0716AFADE1}.Release|Any CPU.ActiveCfg = Release|Any CPU
		{4A3B6C32-2981-4404-8603-8A0716AFADE1}.Release|Any CPU.Build.0 = Release|Any CPU
	EndGlobalSection
	GlobalSection(SolutionProperties) = preSolution
		HideSolutionNode = FALSE
	EndGlobalSection
	GlobalSection(ExtensibilityGlobals) = postSolution
		SolutionGuid = {2D76449F-4163-4F8D-A7C8-370FFEF69304}
	EndGlobalSection
EndGlobal
