
Microsoft Visual Studio Solution File, Format Version 12.00
# Visual Studio Version 17
VisualStudioVersion = 17.7.34221.43
MinimumVisualStudioVersion = 10.0.40219.1
Project("{2150E333-8FDC-42A3-9474-1A3956D46DE8}") = "Trabajos c#", "Trabajos c#", "{D12B89E0-5973-4E87-AA10-B0D5F44EE35C}"
EndProject
Project("{9A19103F-16F7-4668-BE54-9A1E7A4F7556}") = "Ejercicios", "..\..\Ejercicio 1\Ejercicio\Ejercicios.csproj", "{8AE26D2A-6452-4A33-960D-E06807F9534E}"
EndProject
Project("{9A19103F-16F7-4668-BE54-9A1E7A4F7556}") = "Creacion de clases", "..\Creacion de clases\Creacion de clases\Creacion de clases.csproj", "{FCAEE179-0627-4510-A592-9BFFEA5B9A18}"
EndProject
Project("{9A19103F-16F7-4668-BE54-9A1E7A4F7556}") = "Ejercicio aplicando condicionales", "..\..\Ejercicio aplicando condicionales\Ejercicio aplicando condicionales\Ejercicio aplicando condicionales.csproj", "{AFEAE1B4-30B1-4EAF-902A-BC3A6D6BDF30}"
EndProject
Project("{9A19103F-16F7-4668-BE54-9A1E7A4F7556}") = "Practica #1", "..\..\Practica #1\Practica #1\Practica #1.csproj", "{1AEBA19E-8ADF-4940-B5E8-050A72DF9681}"
EndProject
Project("{9A19103F-16F7-4668-BE54-9A1E7A4F7556}") = "Vehiculo.Class.objects", "..\..\Vehiculo.Class.objects\Vehiculo.Class.objects\Vehiculo.Class.objects.csproj", "{E64001DB-4987-408E-BE2E-C6CF6C3E51E2}"
EndProject
Global
	GlobalSection(SolutionConfigurationPlatforms) = preSolution
		Debug|Any CPU = Debug|Any CPU
		Release|Any CPU = Release|Any CPU
	EndGlobalSection
	GlobalSection(ProjectConfigurationPlatforms) = postSolution
		{8AE26D2A-6452-4A33-960D-E06807F9534E}.Debug|Any CPU.ActiveCfg = Debug|Any CPU
		{8AE26D2A-6452-4A33-960D-E06807F9534E}.Debug|Any CPU.Build.0 = Debug|Any CPU
		{8AE26D2A-6452-4A33-960D-E06807F9534E}.Release|Any CPU.ActiveCfg = Release|Any CPU
		{8AE26D2A-6452-4A33-960D-E06807F9534E}.Release|Any CPU.Build.0 = Release|Any CPU
		{FCAEE179-0627-4510-A592-9BFFEA5B9A18}.Debug|Any CPU.ActiveCfg = Debug|Any CPU
		{FCAEE179-0627-4510-A592-9BFFEA5B9A18}.Debug|Any CPU.Build.0 = Debug|Any CPU
		{FCAEE179-0627-4510-A592-9BFFEA5B9A18}.Release|Any CPU.ActiveCfg = Release|Any CPU
		{FCAEE179-0627-4510-A592-9BFFEA5B9A18}.Release|Any CPU.Build.0 = Release|Any CPU
		{AFEAE1B4-30B1-4EAF-902A-BC3A6D6BDF30}.Debug|Any CPU.ActiveCfg = Debug|Any CPU
		{AFEAE1B4-30B1-4EAF-902A-BC3A6D6BDF30}.Debug|Any CPU.Build.0 = Debug|Any CPU
		{AFEAE1B4-30B1-4EAF-902A-BC3A6D6BDF30}.Release|Any CPU.ActiveCfg = Release|Any CPU
		{AFEAE1B4-30B1-4EAF-902A-BC3A6D6BDF30}.Release|Any CPU.Build.0 = Release|Any CPU
		{1AEBA19E-8ADF-4940-B5E8-050A72DF9681}.Debug|Any CPU.ActiveCfg = Debug|Any CPU
		{1AEBA19E-8ADF-4940-B5E8-050A72DF9681}.Debug|Any CPU.Build.0 = Debug|Any CPU
		{1AEBA19E-8ADF-4940-B5E8-050A72DF9681}.Release|Any CPU.ActiveCfg = Release|Any CPU
		{1AEBA19E-8ADF-4940-B5E8-050A72DF9681}.Release|Any CPU.Build.0 = Release|Any CPU
		{E64001DB-4987-408E-BE2E-C6CF6C3E51E2}.Debug|Any CPU.ActiveCfg = Debug|Any CPU
		{E64001DB-4987-408E-BE2E-C6CF6C3E51E2}.Debug|Any CPU.Build.0 = Debug|Any CPU
		{E64001DB-4987-408E-BE2E-C6CF6C3E51E2}.Release|Any CPU.ActiveCfg = Release|Any CPU
		{E64001DB-4987-408E-BE2E-C6CF6C3E51E2}.Release|Any CPU.Build.0 = Release|Any CPU
	EndGlobalSection
	GlobalSection(SolutionProperties) = preSolution
		HideSolutionNode = FALSE
	EndGlobalSection
	GlobalSection(NestedProjects) = preSolution
		{8AE26D2A-6452-4A33-960D-E06807F9534E} = {D12B89E0-5973-4E87-AA10-B0D5F44EE35C}
		{FCAEE179-0627-4510-A592-9BFFEA5B9A18} = {D12B89E0-5973-4E87-AA10-B0D5F44EE35C}
		{AFEAE1B4-30B1-4EAF-902A-BC3A6D6BDF30} = {D12B89E0-5973-4E87-AA10-B0D5F44EE35C}
		{1AEBA19E-8ADF-4940-B5E8-050A72DF9681} = {D12B89E0-5973-4E87-AA10-B0D5F44EE35C}
		{E64001DB-4987-408E-BE2E-C6CF6C3E51E2} = {D12B89E0-5973-4E87-AA10-B0D5F44EE35C}
	EndGlobalSection
	GlobalSection(ExtensibilityGlobals) = postSolution
		SolutionGuid = {16BE2E83-3B6F-4D69-985D-C3810E9F3ABA}
	EndGlobalSection
EndGlobal
