
Microsoft Visual Studio Solution File, Format Version 12.00
# Visual Studio Version 17
VisualStudioVersion = 17.7.34221.43
MinimumVisualStudioVersion = 10.0.40219.1
Project("{2150E333-8FDC-42A3-9474-1A3956D46DE8}") = "Ejerciios Aplicancando Bucles", "Ejerciios Aplicancando Bucles", "{3DE4A661-42FF-4487-952E-972EC514BD8B}"
EndProject
Project("{FAE04EC0-301F-11D3-BF4B-00C04F79EFBC}") = "Bucles", "Bucles\Bucles.csproj", "{D3D01B8B-4DD9-4B1D-A594-806CDDC9593D}"
EndProject
Global
	GlobalSection(SolutionConfigurationPlatforms) = preSolution
		Debug|Any CPU = Debug|Any CPU
		Release|Any CPU = Release|Any CPU
	EndGlobalSection
	GlobalSection(ProjectConfigurationPlatforms) = postSolution
		{D3D01B8B-4DD9-4B1D-A594-806CDDC9593D}.Debug|Any CPU.ActiveCfg = Debug|Any CPU
		{D3D01B8B-4DD9-4B1D-A594-806CDDC9593D}.Debug|Any CPU.Build.0 = Debug|Any CPU
		{D3D01B8B-4DD9-4B1D-A594-806CDDC9593D}.Release|Any CPU.ActiveCfg = Release|Any CPU
		{D3D01B8B-4DD9-4B1D-A594-806CDDC9593D}.Release|Any CPU.Build.0 = Release|Any CPU
	EndGlobalSection
	GlobalSection(SolutionProperties) = preSolution
		HideSolutionNode = FALSE
	EndGlobalSection
	GlobalSection(NestedProjects) = preSolution
		{D3D01B8B-4DD9-4B1D-A594-806CDDC9593D} = {3DE4A661-42FF-4487-952E-972EC514BD8B}
	EndGlobalSection
	GlobalSection(ExtensibilityGlobals) = postSolution
		SolutionGuid = {3011DDEC-940D-43D9-8A07-F95FB83F3779}
	EndGlobalSection
EndGlobal
